
Microsoft Visual Studio Solution File, Format Version 12.00
# Visual Studio 15
VisualStudioVersion = 15.0.28307.489
MinimumVisualStudioVersion = 10.0.40219.1
Project("{FAE04EC0-301F-11D3-BF4B-00C04F79EFBC}") = "BangazonAPI", "BangazonAPI\BangazonAPI.csproj", "{57E3C96A-D042-4512-BF0B-62BAF585ACCD}"
EndProject
Global
	GlobalSection(SolutionConfigurationPlatforms) = preSolution
		Debug|Any CPU = Debug|Any CPU
		Release|Any CPU = Release|Any CPU
	EndGlobalSection
	GlobalSection(ProjectConfigurationPlatforms) = postSolution
		{57E3C96A-D042-4512-BF0B-62BAF585ACCD}.Debug|Any CPU.ActiveCfg = Debug|Any CPU
		{57E3C96A-D042-4512-BF0B-62BAF585ACCD}.Debug|Any CPU.Build.0 = Debug|Any CPU
		{57E3C96A-D042-4512-BF0B-62BAF585ACCD}.Release|Any CPU.ActiveCfg = Release|Any CPU
		{57E3C96A-D042-4512-BF0B-62BAF585ACCD}.Release|Any CPU.Build.0 = Release|Any CPU
	EndGlobalSection
	GlobalSection(SolutionProperties) = preSolution
		HideSolutionNode = FALSE
	EndGlobalSection
	GlobalSection(ExtensibilityGlobals) = postSolution
		SolutionGuid = {E5315710-55A0-43AF-95DB-C79F558F3FD0}
	EndGlobalSection
EndGlobal
